
Microsoft Visual Studio Solution File, Format Version 12.00
# Visual Studio Version 17
VisualStudioVersion = 17.3.32804.467
MinimumVisualStudioVersion = 10.0.40219.1
Project("{FAE04EC0-301F-11D3-BF4B-00C04F79EFBC}") = "Amazon3-Public", "Amazon3-Public.csproj", "{6BE2F89F-B990-4C64-846F-ECFB6C683D8D}"
EndProject
Global
	GlobalSection(SolutionConfigurationPlatforms) = preSolution
		Debug|Any CPU = Debug|Any CPU
		Release|Any CPU = Release|Any CPU
	EndGlobalSection
	GlobalSection(ProjectConfigurationPlatforms) = postSolution
		{6BE2F89F-B990-4C64-846F-ECFB6C683D8D}.Debug|Any CPU.ActiveCfg = Debug|Any CPU
		{6BE2F89F-B990-4C64-846F-ECFB6C683D8D}.Debug|Any CPU.Build.0 = Debug|Any CPU
		{6BE2F89F-B990-4C64-846F-ECFB6C683D8D}.Release|Any CPU.ActiveCfg = Release|Any CPU
		{6BE2F89F-B990-4C64-846F-ECFB6C683D8D}.Release|Any CPU.Build.0 = Release|Any CPU
	EndGlobalSection
	GlobalSection(SolutionProperties) = preSolution
		HideSolutionNode = FALSE
	EndGlobalSection
	GlobalSection(ExtensibilityGlobals) = postSolution
		SolutionGuid = {899361FF-F482-44B3-A42E-E918159ECC70}
	EndGlobalSection
EndGlobal
